
Microsoft Visual Studio Solution File, Format Version 12.00
# Visual Studio Version 16
VisualStudioVersion = 16.0.31613.86
MinimumVisualStudioVersion = 10.0.40219.1
Project("{FAE04EC0-301F-11D3-BF4B-00C04F79EFBC}") = "SampleMVCApp", "SampleMVCApp.csproj", "{2F9CB264-254B-48AD-A5CA-E3DEBA045289}"
EndProject
Global
	GlobalSection(SolutionConfigurationPlatforms) = preSolution
		Debug|Any CPU = Debug|Any CPU
		Release|Any CPU = Release|Any CPU
	EndGlobalSection
	GlobalSection(ProjectConfigurationPlatforms) = postSolution
		{2F9CB264-254B-48AD-A5CA-E3DEBA045289}.Debug|Any CPU.ActiveCfg = Debug|Any CPU
		{2F9CB264-254B-48AD-A5CA-E3DEBA045289}.Debug|Any CPU.Build.0 = Debug|Any CPU
		{2F9CB264-254B-48AD-A5CA-E3DEBA045289}.Release|Any CPU.ActiveCfg = Release|Any CPU
		{2F9CB264-254B-48AD-A5CA-E3DEBA045289}.Release|Any CPU.Build.0 = Release|Any CPU
	EndGlobalSection
	GlobalSection(SolutionProperties) = preSolution
		HideSolutionNode = FALSE
	EndGlobalSection
	GlobalSection(ExtensibilityGlobals) = postSolution
		SolutionGuid = {E2C0FB65-05BA-444D-809B-7D2F2972A05B}
	EndGlobalSection
EndGlobal
